
Microsoft Visual Studio Solution File, Format Version 12.00
# Visual Studio Express 2012 for Windows Desktop
Project("{8BC9CEB8-8B4A-11D0-8D11-00A0C91BC942}") = "FileCreator", "FileCreator\FileCreator.vcxproj", "{FCBDC613-4435-4FA8-8F88-D04DF0053ADD}"
EndProject
Global
	GlobalSection(SolutionConfigurationPlatforms) = preSolution
		Debug|Win32 = Debug|Win32
		Release|Win32 = Release|Win32
	EndGlobalSection
	GlobalSection(ProjectConfigurationPlatforms) = postSolution
		{FCBDC613-4435-4FA8-8F88-D04DF0053ADD}.Debug|Win32.ActiveCfg = Debug|Win32
		{FCBDC613-4435-4FA8-8F88-D04DF0053ADD}.Debug|Win32.Build.0 = Debug|Win32
		{FCBDC613-4435-4FA8-8F88-D04DF0053ADD}.Release|Win32.ActiveCfg = Release|Win32
		{FCBDC613-4435-4FA8-8F88-D04DF0053ADD}.Release|Win32.Build.0 = Release|Win32
	EndGlobalSection
	GlobalSection(SolutionProperties) = preSolution
		HideSolutionNode = FALSE
	EndGlobalSection
EndGlobal
